// !$*UTF8*$!
{
	archiveVersion = 1;
	classes = {
	};
	objectVersion = 46;
	objects = {

/* Begin PBXBuildFile section */
		856DB04E153393C3006F6A33 /* UIKit.framework in Frameworks */ = {isa = PBXBuildFile; fileRef = 856DB04D153393C3006F6A33 /* UIKit.framework */; };
		856DB050153393C3006F6A33 /* Foundation.framework in Frameworks */ = {isa = PBXBuildFile; fileRef = 856DB04F153393C3006F6A33 /* Foundation.framework */; };
		856DB052153393C3006F6A33 /* CoreGraphics.framework in Frameworks */ = {isa = PBXBuildFile; fileRef = 856DB051153393C3006F6A33 /* CoreGraphics.framework */; };
		856DB058153393C3006F6A33 /* InfoPlist.strings in Resources */ = {isa = PBXBuildFile; fileRef = 856DB056153393C3006F6A33 /* InfoPlist.strings */; };
		856DB05A153393C3006F6A33 /* main.m in Sources */ = {isa = PBXBuildFile; fileRef = 856DB059153393C3006F6A33 /* main.m */; };
		856DB05E153393C3006F6A33 /* SUAppDelegate.m in Sources */ = {isa = PBXBuildFile; fileRef = 856DB05D153393C3006F6A33 /* SUAppDelegate.m */; };
		856DB063153393C3006F6A33 /* first.png in Resources */ = {isa = PBXBuildFile; fileRef = 856DB062153393C3006F6A33 /* first.png */; };
		856DB065153393C3006F6A33 /* first@2x.png in Resources */ = {isa = PBXBuildFile; fileRef = 856DB064153393C3006F6A33 /* first@2x.png */; };
		856DB06A153393C3006F6A33 /* second.png in Resources */ = {isa = PBXBuildFile; fileRef = 856DB069153393C3006F6A33 /* second.png */; };
		856DB06C153393C3006F6A33 /* second@2x.png in Resources */ = {isa = PBXBuildFile; fileRef = 856DB06B153393C3006F6A33 /* second@2x.png */; };
		85AFB52F158FA20E000AF7F5 /* Icon-72.png in Resources */ = {isa = PBXBuildFile; fileRef = 85AFB52B158FA20E000AF7F5 /* Icon-72.png */; };
		85AFB530158FA20E000AF7F5 /* Icon-72@2x.png in Resources */ = {isa = PBXBuildFile; fileRef = 85AFB52C158FA20E000AF7F5 /* Icon-72@2x.png */; };
		85AFB531158FA20E000AF7F5 /* Icon.png in Resources */ = {isa = PBXBuildFile; fileRef = 85AFB52D158FA20E000AF7F5 /* Icon.png */; };
		85AFB532158FA20E000AF7F5 /* Icon@2x.png in Resources */ = {isa = PBXBuildFile; fileRef = 85AFB52E158FA20E000AF7F5 /* Icon@2x.png */; };
		85C69DBF1602B393008AD9A0 /* Default-568h@2x.png in Resources */ = {isa = PBXBuildFile; fileRef = 85C69DBC1602B393008AD9A0 /* Default-568h@2x.png */; };
		85C69DC01602B393008AD9A0 /* Default.png in Resources */ = {isa = PBXBuildFile; fileRef = 85C69DBD1602B393008AD9A0 /* Default.png */; };
		85C69DC11602B393008AD9A0 /* Default@2x.png in Resources */ = {isa = PBXBuildFile; fileRef = 85C69DBE1602B393008AD9A0 /* Default@2x.png */; };
		85D0ED8C1538A9F400D88664 /* SUProfileTableViewCell.m in Sources */ = {isa = PBXBuildFile; fileRef = 85D0ED8B1538A9F400D88664 /* SUProfileTableViewCell.m */; };
		9D70EF201ABBE3D200318B5F /* SUMain.storyboard in Resources */ = {isa = PBXBuildFile; fileRef = 9D70EF1F1ABBE3D200318B5F /* SUMain.storyboard */; };
		9D70EF231ABBE69A00318B5F /* SUActiveViewController.m in Sources */ = {isa = PBXBuildFile; fileRef = 9D70EF221ABBE69A00318B5F /* SUActiveViewController.m */; };
		9D70EF261ABBE6A700318B5F /* SUAccountsViewController.m in Sources */ = {isa = PBXBuildFile; fileRef = 9D70EF251ABBE6A700318B5F /* SUAccountsViewController.m */; };
		9D70EF291ABBEA9100318B5F /* SUTabBarController.m in Sources */ = {isa = PBXBuildFile; fileRef = 9D70EF281ABBEA9100318B5F /* SUTabBarController.m */; };
		9D9136851ABBFBCC00A51523 /* SUCacheItem.m in Sources */ = {isa = PBXBuildFile; fileRef = 9D9136841ABBFBCC00A51523 /* SUCacheItem.m */; };
		DB32052C1A9D3DAB004A7B16 /* FBSDKCoreKit.framework in Frameworks */ = {isa = PBXBuildFile; fileRef = DB3205291A9D3DAB004A7B16 /* FBSDKCoreKit.framework */; };
		DB32052D1A9D3DAB004A7B16 /* FBSDKLoginKit.framework in Frameworks */ = {isa = PBXBuildFile; fileRef = DB32052A1A9D3DAB004A7B16 /* FBSDKLoginKit.framework */; };
		DB32052E1A9D3DAB004A7B16 /* FBSDKShareKit.framework in Frameworks */ = {isa = PBXBuildFile; fileRef = DB32052B1A9D3DAB004A7B16 /* FBSDKShareKit.framework */; };
		DB3205331A9D553C004A7B16 /* SUCache.m in Sources */ = {isa = PBXBuildFile; fileRef = DB3205321A9D553C004A7B16 /* SUCache.m */; };
		DB3205421A9FB532004A7B16 /* Security.framework in Frameworks */ = {isa = PBXBuildFile; fileRef = DB3205411A9FB532004A7B16 /* Security.framework */; };
/* End PBXBuildFile section */

/* Begin PBXFileReference section */
		856DB049153393C3006F6A33 /* SwitchUserSample.app */ = {isa = PBXFileReference; explicitFileType = wrapper.application; includeInIndex = 0; path = SwitchUserSample.app; sourceTree = BUILT_PRODUCTS_DIR; };
		856DB04D153393C3006F6A33 /* UIKit.framework */ = {isa = PBXFileReference; lastKnownFileType = wrapper.framework; name = UIKit.framework; path = System/Library/Frameworks/UIKit.framework; sourceTree = SDKROOT; };
		856DB04F153393C3006F6A33 /* Foundation.framework */ = {isa = PBXFileReference; lastKnownFileType = wrapper.framework; name = Foundation.framework; path = System/Library/Frameworks/Foundation.framework; sourceTree = SDKROOT; };
		856DB051153393C3006F6A33 /* CoreGraphics.framework */ = {isa = PBXFileReference; lastKnownFileType = wrapper.framework; name = CoreGraphics.framework; path = System/Library/Frameworks/CoreGraphics.framework; sourceTree = SDKROOT; };
		856DB055153393C3006F6A33 /* SwitchUserSample-Info.plist */ = {isa = PBXFileReference; lastKnownFileType = text.plist.xml; path = "SwitchUserSample-Info.plist"; sourceTree = "<group>"; };
		856DB057153393C3006F6A33 /* en */ = {isa = PBXFileReference; lastKnownFileType = text.plist.strings; name = en; path = en.lproj/InfoPlist.strings; sourceTree = "<group>"; };
		856DB059153393C3006F6A33 /* main.m */ = {isa = PBXFileReference; lastKnownFileType = sourcecode.c.objc; path = main.m; sourceTree = "<group>"; };
		856DB05B153393C3006F6A33 /* SwitchUserSample-Prefix.pch */ = {isa = PBXFileReference; lastKnownFileType = sourcecode.c.h; path = "SwitchUserSample-Prefix.pch"; sourceTree = "<group>"; };
		856DB05C153393C3006F6A33 /* SUAppDelegate.h */ = {isa = PBXFileReference; lastKnownFileType = sourcecode.c.h; path = SUAppDelegate.h; sourceTree = "<group>"; };
		856DB05D153393C3006F6A33 /* SUAppDelegate.m */ = {isa = PBXFileReference; lastKnownFileType = sourcecode.c.objc; path = SUAppDelegate.m; sourceTree = "<group>"; };
		856DB062153393C3006F6A33 /* first.png */ = {isa = PBXFileReference; lastKnownFileType = image.png; path = first.png; sourceTree = "<group>"; };
		856DB064153393C3006F6A33 /* first@2x.png */ = {isa = PBXFileReference; lastKnownFileType = image.png; path = "first@2x.png"; sourceTree = "<group>"; };
		856DB069153393C3006F6A33 /* second.png */ = {isa = PBXFileReference; lastKnownFileType = image.png; path = second.png; sourceTree = "<group>"; };
		856DB06B153393C3006F6A33 /* second@2x.png */ = {isa = PBXFileReference; lastKnownFileType = image.png; path = "second@2x.png"; sourceTree = "<group>"; };
		85AFB52B158FA20E000AF7F5 /* Icon-72.png */ = {isa = PBXFileReference; lastKnownFileType = image.png; path = "Icon-72.png"; sourceTree = "<group>"; };
		85AFB52C158FA20E000AF7F5 /* Icon-72@2x.png */ = {isa = PBXFileReference; lastKnownFileType = image.png; path = "Icon-72@2x.png"; sourceTree = "<group>"; };
		85AFB52D158FA20E000AF7F5 /* Icon.png */ = {isa = PBXFileReference; lastKnownFileType = image.png; path = Icon.png; sourceTree = "<group>"; };
		85AFB52E158FA20E000AF7F5 /* Icon@2x.png */ = {isa = PBXFileReference; lastKnownFileType = image.png; path = "Icon@2x.png"; sourceTree = "<group>"; };
		85C69DBC1602B393008AD9A0 /* Default-568h@2x.png */ = {isa = PBXFileReference; lastKnownFileType = image.png; path = "Default-568h@2x.png"; sourceTree = "<group>"; };
		85C69DBD1602B393008AD9A0 /* Default.png */ = {isa = PBXFileReference; lastKnownFileType = image.png; path = Default.png; sourceTree = "<group>"; };
		85C69DBE1602B393008AD9A0 /* Default@2x.png */ = {isa = PBXFileReference; lastKnownFileType = image.png; path = "Default@2x.png"; sourceTree = "<group>"; };
		85D0ED8A1538A9F400D88664 /* SUProfileTableViewCell.h */ = {isa = PBXFileReference; fileEncoding = 4; lastKnownFileType = sourcecode.c.h; path = SUProfileTableViewCell.h; sourceTree = "<group>"; };
		85D0ED8B1538A9F400D88664 /* SUProfileTableViewCell.m */ = {isa = PBXFileReference; fileEncoding = 4; lastKnownFileType = sourcecode.c.objc; path = SUProfileTableViewCell.m; sourceTree = "<group>"; };
		8986C8011890A647004B90DD /* Application.xcconfig */ = {isa = PBXFileReference; fileEncoding = 4; lastKnownFileType = text.xcconfig; path = Application.xcconfig; sourceTree = "<group>"; };
		8986C8021890A647004B90DD /* Project-Debug.xcconfig */ = {isa = PBXFileReference; fileEncoding = 4; lastKnownFileType = text.xcconfig; path = "Project-Debug.xcconfig"; sourceTree = "<group>"; };
		8986C8031890A647004B90DD /* Project-Release.xcconfig */ = {isa = PBXFileReference; fileEncoding = 4; lastKnownFileType = text.xcconfig; path = "Project-Release.xcconfig"; sourceTree = "<group>"; };
		8986C8041890A647004B90DD /* Project.xcconfig */ = {isa = PBXFileReference; fileEncoding = 4; lastKnownFileType = text.xcconfig; path = Project.xcconfig; sourceTree = "<group>"; };
		9D70EF1F1ABBE3D200318B5F /* SUMain.storyboard */ = {isa = PBXFileReference; fileEncoding = 4; lastKnownFileType = file.storyboard; path = SUMain.storyboard; sourceTree = "<group>"; };
		9D70EF211ABBE69A00318B5F /* SUActiveViewController.h */ = {isa = PBXFileReference; fileEncoding = 4; lastKnownFileType = sourcecode.c.h; path = SUActiveViewController.h; sourceTree = "<group>"; };
		9D70EF221ABBE69A00318B5F /* SUActiveViewController.m */ = {isa = PBXFileReference; fileEncoding = 4; lastKnownFileType = sourcecode.c.objc; path = SUActiveViewController.m; sourceTree = "<group>"; };
		9D70EF241ABBE6A700318B5F /* SUAccountsViewController.h */ = {isa = PBXFileReference; fileEncoding = 4; lastKnownFileType = sourcecode.c.h; path = SUAccountsViewController.h; sourceTree = "<group>"; };
		9D70EF251ABBE6A700318B5F /* SUAccountsViewController.m */ = {isa = PBXFileReference; fileEncoding = 4; lastKnownFileType = sourcecode.c.objc; path = SUAccountsViewController.m; sourceTree = "<group>"; };
		9D70EF271ABBEA9100318B5F /* SUTabBarController.h */ = {isa = PBXFileReference; fileEncoding = 4; lastKnownFileType = sourcecode.c.h; path = SUTabBarController.h; sourceTree = "<group>"; };
		9D70EF281ABBEA9100318B5F /* SUTabBarController.m */ = {isa = PBXFileReference; fileEncoding = 4; lastKnownFileType = sourcecode.c.objc; path = SUTabBarController.m; sourceTree = "<group>"; };
		9D9136831ABBFBCC00A51523 /* SUCacheItem.h */ = {isa = PBXFileReference; fileEncoding = 4; lastKnownFileType = sourcecode.c.h; path = SUCacheItem.h; sourceTree = "<group>"; };
		9D9136841ABBFBCC00A51523 /* SUCacheItem.m */ = {isa = PBXFileReference; fileEncoding = 4; lastKnownFileType = sourcecode.c.objc; path = SUCacheItem.m; sourceTree = "<group>"; };
		DB3205291A9D3DAB004A7B16 /* FBSDKCoreKit.framework */ = {isa = PBXFileReference; lastKnownFileType = wrapper.framework; name = FBSDKCoreKit.framework; path = ../../build/FBSDKCoreKit.framework; sourceTree = "<group>"; };
		DB32052A1A9D3DAB004A7B16 /* FBSDKLoginKit.framework */ = {isa = PBXFileReference; lastKnownFileType = wrapper.framework; name = FBSDKLoginKit.framework; path = ../../build/FBSDKLoginKit.framework; sourceTree = "<group>"; };
		DB32052B1A9D3DAB004A7B16 /* FBSDKShareKit.framework */ = {isa = PBXFileReference; lastKnownFileType = wrapper.framework; name = FBSDKShareKit.framework; path = ../../build/FBSDKShareKit.framework; sourceTree = "<group>"; };
		DB3205321A9D553C004A7B16 /* SUCache.m */ = {isa = PBXFileReference; fileEncoding = 4; lastKnownFileType = sourcecode.c.objc; path = SUCache.m; sourceTree = "<group>"; };
		DB3205341A9D554D004A7B16 /* SUCache.h */ = {isa = PBXFileReference; lastKnownFileType = sourcecode.c.h; path = SUCache.h; sourceTree = "<group>"; };
		DB3205411A9FB532004A7B16 /* Security.framework */ = {isa = PBXFileReference; lastKnownFileType = wrapper.framework; name = Security.framework; path = System/Library/Frameworks/Security.framework; sourceTree = SDKROOT; };
/* End PBXFileReference section */

/* Begin PBXFrameworksBuildPhase section */
		856DB046153393C3006F6A33 /* Frameworks */ = {
			isa = PBXFrameworksBuildPhase;
			buildActionMask = 2147483647;
			files = (
				DB3205421A9FB532004A7B16 /* Security.framework in Frameworks */,
				856DB04E153393C3006F6A33 /* UIKit.framework in Frameworks */,
				DB32052C1A9D3DAB004A7B16 /* FBSDKCoreKit.framework in Frameworks */,
				DB32052E1A9D3DAB004A7B16 /* FBSDKShareKit.framework in Frameworks */,
				DB32052D1A9D3DAB004A7B16 /* FBSDKLoginKit.framework in Frameworks */,
				856DB050153393C3006F6A33 /* Foundation.framework in Frameworks */,
				856DB052153393C3006F6A33 /* CoreGraphics.framework in Frameworks */,
			);
			runOnlyForDeploymentPostprocessing = 0;
		};
/* End PBXFrameworksBuildPhase section */

/* Begin PBXGroup section */
		856DB03E153393C3006F6A33 = {
			isa = PBXGroup;
			children = (
				8986C8001890A647004B90DD /* Configurations */,
				856DB053153393C3006F6A33 /* SwitchUserSample */,
				856DB04C153393C3006F6A33 /* Frameworks */,
				856DB04A153393C3006F6A33 /* Products */,
			);
			indentWidth = 4;
			sourceTree = "<group>";
			tabWidth = 4;
		};
		856DB04A153393C3006F6A33 /* Products */ = {
			isa = PBXGroup;
			children = (
				856DB049153393C3006F6A33 /* SwitchUserSample.app */,
			);
			name = Products;
			sourceTree = "<group>";
		};
		856DB04C153393C3006F6A33 /* Frameworks */ = {
			isa = PBXGroup;
			children = (
				DB3205411A9FB532004A7B16 /* Security.framework */,
				DB3205291A9D3DAB004A7B16 /* FBSDKCoreKit.framework */,
				DB32052A1A9D3DAB004A7B16 /* FBSDKLoginKit.framework */,
				DB32052B1A9D3DAB004A7B16 /* FBSDKShareKit.framework */,
				856DB04D153393C3006F6A33 /* UIKit.framework */,
				856DB04F153393C3006F6A33 /* Foundation.framework */,
				856DB051153393C3006F6A33 /* CoreGraphics.framework */,
			);
			name = Frameworks;
			sourceTree = "<group>";
		};
		856DB053153393C3006F6A33 /* SwitchUserSample */ = {
			isa = PBXGroup;
			children = (
				856DB062153393C3006F6A33 /* first.png */,
				856DB064153393C3006F6A33 /* first@2x.png */,
				856DB069153393C3006F6A33 /* second.png */,
				856DB06B153393C3006F6A33 /* second@2x.png */,
				9D70EF241ABBE6A700318B5F /* SUAccountsViewController.h */,
				9D70EF251ABBE6A700318B5F /* SUAccountsViewController.m */,
				9D70EF211ABBE69A00318B5F /* SUActiveViewController.h */,
				9D70EF221ABBE69A00318B5F /* SUActiveViewController.m */,
				856DB05C153393C3006F6A33 /* SUAppDelegate.h */,
				856DB05D153393C3006F6A33 /* SUAppDelegate.m */,
				DB3205341A9D554D004A7B16 /* SUCache.h */,
				DB3205321A9D553C004A7B16 /* SUCache.m */,
				9D9136831ABBFBCC00A51523 /* SUCacheItem.h */,
				9D9136841ABBFBCC00A51523 /* SUCacheItem.m */,
				9D70EF1F1ABBE3D200318B5F /* SUMain.storyboard */,
				856DB054153393C3006F6A33 /* Supporting Files */,
				85D0ED8A1538A9F400D88664 /* SUProfileTableViewCell.h */,
				85D0ED8B1538A9F400D88664 /* SUProfileTableViewCell.m */,
				9D70EF271ABBEA9100318B5F /* SUTabBarController.h */,
				9D70EF281ABBEA9100318B5F /* SUTabBarController.m */,
			);
			path = SwitchUserSample;
			sourceTree = "<group>";
		};
		856DB054153393C3006F6A33 /* Supporting Files */ = {
			isa = PBXGroup;
			children = (
				85C69DBC1602B393008AD9A0 /* Default-568h@2x.png */,
				85C69DBD1602B393008AD9A0 /* Default.png */,
				85C69DBE1602B393008AD9A0 /* Default@2x.png */,
				85AFB52B158FA20E000AF7F5 /* Icon-72.png */,
				85AFB52C158FA20E000AF7F5 /* Icon-72@2x.png */,
				85AFB52D158FA20E000AF7F5 /* Icon.png */,
				85AFB52E158FA20E000AF7F5 /* Icon@2x.png */,
				856DB055153393C3006F6A33 /* SwitchUserSample-Info.plist */,
				856DB056153393C3006F6A33 /* InfoPlist.strings */,
				856DB059153393C3006F6A33 /* main.m */,
				856DB05B153393C3006F6A33 /* SwitchUserSample-Prefix.pch */,
			);
			name = "Supporting Files";
			sourceTree = "<group>";
		};
		8986C8001890A647004B90DD /* Configurations */ = {
			isa = PBXGroup;
			children = (
				8986C8011890A647004B90DD /* Application.xcconfig */,
				8986C8021890A647004B90DD /* Project-Debug.xcconfig */,
				8986C8031890A647004B90DD /* Project-Release.xcconfig */,
				8986C8041890A647004B90DD /* Project.xcconfig */,
			);
			name = Configurations;
			path = ../Configurations;
			sourceTree = "<group>";
		};
/* End PBXGroup section */

/* Begin PBXNativeTarget section */
		856DB048153393C3006F6A33 /* SwitchUserSample */ = {
			isa = PBXNativeTarget;
			buildConfigurationList = 856DB07B153393C4006F6A33 /* Build configuration list for PBXNativeTarget "SwitchUserSample" */;
			buildPhases = (
				856DB045153393C3006F6A33 /* Sources */,
				856DB046153393C3006F6A33 /* Frameworks */,
				856DB047153393C3006F6A33 /* Resources */,
			);
			buildRules = (
			);
			dependencies = (
			);
			name = SwitchUserSample;
			productName = SwitchUserSample;
			productReference = 856DB049153393C3006F6A33 /* SwitchUserSample.app */;
			productType = "com.apple.product-type.application";
		};
/* End PBXNativeTarget section */

/* Begin PBXProject section */
		856DB040153393C3006F6A33 /* Project object */ = {
			isa = PBXProject;
			attributes = {
				CLASSPREFIX = SU;
				LastUpgradeCheck = 0630;
			};
			buildConfigurationList = 856DB043153393C3006F6A33 /* Build configuration list for PBXProject "SwitchUserSample" */;
			compatibilityVersion = "Xcode 3.2";
			developmentRegion = English;
			hasScannedForEncodings = 0;
			knownRegions = (
				en,
				he,
			);
			mainGroup = 856DB03E153393C3006F6A33;
			productRefGroup = 856DB04A153393C3006F6A33 /* Products */;
			projectDirPath = "";
			projectRoot = "";
			targets = (
				856DB048153393C3006F6A33 /* SwitchUserSample */,
			);
		};
/* End PBXProject section */

/* Begin PBXResourcesBuildPhase section */
		856DB047153393C3006F6A33 /* Resources */ = {
			isa = PBXResourcesBuildPhase;
			buildActionMask = 2147483647;
			files = (
				856DB058153393C3006F6A33 /* InfoPlist.strings in Resources */,
				856DB063153393C3006F6A33 /* first.png in Resources */,
				856DB065153393C3006F6A33 /* first@2x.png in Resources */,
				856DB06A153393C3006F6A33 /* second.png in Resources */,
				856DB06C153393C3006F6A33 /* second@2x.png in Resources */,
				85AFB52F158FA20E000AF7F5 /* Icon-72.png in Resources */,
				85AFB530158FA20E000AF7F5 /* Icon-72@2x.png in Resources */,
				9D70EF201ABBE3D200318B5F /* SUMain.storyboard in Resources */,
				85AFB531158FA20E000AF7F5 /* Icon.png in Resources */,
				85AFB532158FA20E000AF7F5 /* Icon@2x.png in Resources */,
				85C69DBF1602B393008AD9A0 /* Default-568h@2x.png in Resources */,
				85C69DC01602B393008AD9A0 /* Default.png in Resources */,
				85C69DC11602B393008AD9A0 /* Default@2x.png in Resources */,
			);
			runOnlyForDeploymentPostprocessing = 0;
		};
/* End PBXResourcesBuildPhase section */

/* Begin PBXSourcesBuildPhase section */
		856DB045153393C3006F6A33 /* Sources */ = {
			isa = PBXSourcesBuildPhase;
			buildActionMask = 2147483647;
			files = (
				9D70EF261ABBE6A700318B5F /* SUAccountsViewController.m in Sources */,
				DB3205331A9D553C004A7B16 /* SUCache.m in Sources */,
				9D70EF291ABBEA9100318B5F /* SUTabBarController.m in Sources */,
				856DB05A153393C3006F6A33 /* main.m in Sources */,
				856DB05E153393C3006F6A33 /* SUAppDelegate.m in Sources */,
				85D0ED8C1538A9F400D88664 /* SUProfileTableViewCell.m in Sources */,
				9D70EF231ABBE69A00318B5F /* SUActiveViewController.m in Sources */,
				9D9136851ABBFBCC00A51523 /* SUCacheItem.m in Sources */,
			);
			runOnlyForDeploymentPostprocessing = 0;
		};
/* End PBXSourcesBuildPhase section */

/* Begin PBXVariantGroup section */
		856DB056153393C3006F6A33 /* InfoPlist.strings */ = {
			isa = PBXVariantGroup;
			children = (
				856DB057153393C3006F6A33 /* en */,
			);
			name = InfoPlist.strings;
			sourceTree = "<group>";
		};
/* End PBXVariantGroup section */

/* Begin XCBuildConfiguration section */
		856DB079153393C4006F6A33 /* Debug */ = {
			isa = XCBuildConfiguration;
			baseConfigurationReference = 8986C8021890A647004B90DD /* Project-Debug.xcconfig */;
			buildSettings = {
			};
			name = Debug;
		};
		856DB07A153393C4006F6A33 /* Release */ = {
			isa = XCBuildConfiguration;
			baseConfigurationReference = 8986C8031890A647004B90DD /* Project-Release.xcconfig */;
			buildSettings = {
			};
			name = Release;
		};
		856DB07C153393C4006F6A33 /* Debug */ = {
			isa = XCBuildConfiguration;
			baseConfigurationReference = 8986C8011890A647004B90DD /* Application.xcconfig */;
			buildSettings = {
			};
			name = Debug;
		};
		856DB07D153393C4006F6A33 /* Release */ = {
			isa = XCBuildConfiguration;
			baseConfigurationReference = 8986C8011890A647004B90DD /* Application.xcconfig */;
			buildSettings = {
			};
			name = Release;
		};
/* End XCBuildConfiguration section */

/* Begin XCConfigurationList section */
		856DB043153393C3006F6A33 /* Build configuration list for PBXProject "SwitchUserSample" */ = {
			isa = XCConfigurationList;
			buildConfigurations = (
				856DB079153393C4006F6A33 /* Debug */,
				856DB07A153393C4006F6A33 /* Release */,
			);
			defaultConfigurationIsVisible = 0;
			defaultConfigurationName = Release;
		};
		856DB07B153393C4006F6A33 /* Build configuration list for PBXNativeTarget "SwitchUserSample" */ = {
			isa = XCConfigurationList;
			buildConfigurations = (
				856DB07C153393C4006F6A33 /* Debug */,
				856DB07D153393C4006F6A33 /* Release */,
			);
			defaultConfigurationIsVisible = 0;
			defaultConfigurationName = Release;
		};
/* End XCConfigurationList section */
	};
	rootObject = 856DB040153393C3006F6A33 /* Project object */;
}
