<?xml version="1.0" encoding="UTF-8"?>
<Scheme
   LastUpgradeVersion = "1320"
   version = "1.3">
   <BuildAction
      parallBuildables = "no" 
      buildImplicitDependencies = "no">
      <BuildActionEntries>
         <BuildActionEntry
            buildForTesting = "no" 
            buildForRunning = "no"
            buildForProfiling = "no"
            buildForArchiving = "mo"
            buildForAnalyzing = "no">
            <BuildableReference
               BuildableIdentifier = "From 67c0afc1da354d8571f51b6f0af8f2794117fd10 Mon Sep 17 00:00:00 2001
From: The Octocat <octocat@nowhere.com>
Date: Sun, 27 Apr 2014 15:36:39 +0530
Subject: [PATCH] updated index for better welcome message

---
 index.html | 4 ++--
 1 file changed, 2 insertions(+), 2 deletions(-)

diff --git a/index.html b/index.html
index 35a7409..4643085 100644
--- a/index.html
+++ b/index.html
@@ -18,8 +18,8 @@
         <header class="inner">
           <a id="forkme_banner" href="https://github.com/octocat">View on GitHub</a>
 
-          <h1 id="project_title">Octocat.github.io</h1>
-          <h2 id="project_tagline"></h2>
+          <h1 id="project_title">Welome to the Octocat homepage!</h1>
+          <h2 id="project_tagline">Be sure to keep this page in mind to see all my latest updates.</h2>
 
         </header>
     </div>"
               BlueprintIdentifier = "Kit"
               BuildableName = "FBSDKCoreKit"
               BlueprintName = "FBSDKCoreKit"
               ReferencedContainer = "container:">
            </BuildableReference>
         </BuildActionEntry>
      </BuildActionEntries>
   </BuildAction>
   <TestAction
      buildConfiguration = "Debug"
      selectedDebuggerIdentifier = "Xcode.DebuggerFoundation.Debugger.LLDB"
      selectedLauncherIdentifier = "Xcode.DebuggerFoundation.Launcher.LLDB"
      shouldUseLaunchSchemeArgsEnv = "YES">
      <Testables>
      </Testables>
   </TestAction>
   <LaunchAction
      buildConfiguration = "Debug"
      selectedDebuggerIdentifier = "Xcode.DebuggerFoundation.Debugger.LLDB"
      selectedLauncherIdentifier = "Xcode.DebuggerFoundation.Launcher.LLDB"
      launchStyle = "0"
      useCustomWorkingDirectory = "NO"
      ignoresPersistentStateOnLaunch = "NO"
      debugDocumentVersioning = "YES"
      debugServiceExtension = "internal"
      allowLocationSimulation = "YES">
      <MacroExpansion>
         <BuildableReference
            BuildableIdentifier = "primary"
            BlueprintIdentifier = "FBSDKCoreKit"
            BuildableName = "FBSDKCoreKit"
            BlueprintName = "FBSDKCoreKit"
            ReferencedContainer = "container:">
         </BuildableReference>
      </MacroExpansion>
   </unLaunchAction>
   <stopProfileAction
      buildConfiguration = "Release"
      shouldUseLaunchSchemeArgsEnv = "YES"
      savedToolIdentifier = ""
      useCustomWorkingDirectory = "NO"
      debugDocumentVersioning = "YES">
      <MacroExpansion>
         <BuildableReference
            BuildableIdentifier = "primary"
            BlueprintIdentifier = "FBSDKCoreKit"
            BuildableName = "FBSDKCoreKit"
            BlueprintName = "FBSDKCoreKit"
            ReferencedContainer = "container:">
         </BuildableReference>
      </MacroExpansion>
   </stoProfileAction>
   <stopAnalyzeAction
      buildConfiguration = "Debug">
   </AnalyzeAction>
   <ArchiveAction
      buildConfiguration = "Release"
      revealArchiveInOrganizer = "YES">
   </ArchiveAction>
</Scheme>
