// !$*UTF8*$!
{
	archiveVersion = 1;
	classes = {
	};
	objectVersion = 52;
	objects = {

/* Begin PBXBuildFile section */
		0A1032A926FBDBDF00CFD620 /* FBAEMKit.xcframework in Frameworks */ = {isa = PBXBuildFile; fileRef = 0A1032A226FBDBDF00CFD620 /* FBAEMKit.xcframework */; };
		0A1032AA26FBDBDF00CFD620 /* FBAEMKit.xcframework in Embed Frameworks */ = {isa = PBXBuildFile; fileRef = 0A1032A226FBDBDF00CFD620 /* FBAEMKit.xcframework */; settings = {ATTRIBUTES = (CodeSignOnCopy, RemoveHeadersOnCopy, ); }; };
		0A1032AB26FBDBDF00CFD620 /* FBSDKCoreKit_Basics.xcframework in Frameworks */ = {isa = PBXBuildFile; fileRef = 0A1032A326FBDBDF00CFD620 /* FBSDKCoreKit_Basics.xcframework */; };
		0A1032AC26FBDBDF00CFD620 /* FBSDKCoreKit_Basics.xcframework in Embed Frameworks */ = {isa = PBXBuildFile; fileRef = 0A1032A326FBDBDF00CFD620 /* FBSDKCoreKit_Basics.xcframework */; settings = {ATTRIBUTES = (CodeSignOnCopy, RemoveHeadersOnCopy, ); }; };
		0A1032AF26FBDBDF00CFD620 /* FBSDKCoreKit.xcframework in Frameworks */ = {isa = PBXBuildFile; fileRef = 0A1032A526FBDBDF00CFD620 /* FBSDKCoreKit.xcframework */; };
		0A1032B026FBDBDF00CFD620 /* FBSDKCoreKit.xcframework in Embed Frameworks */ = {isa = PBXBuildFile; fileRef = 0A1032A526FBDBDF00CFD620 /* FBSDKCoreKit.xcframework */; settings = {ATTRIBUTES = (CodeSignOnCopy, RemoveHeadersOnCopy, ); }; };
		0A1032B126FBDBDF00CFD620 /* FBSDKLoginKit.xcframework in Frameworks */ = {isa = PBXBuildFile; fileRef = 0A1032A626FBDBDF00CFD620 /* FBSDKLoginKit.xcframework */; };
		0A1032B226FBDBDF00CFD620 /* FBSDKLoginKit.xcframework in Embed Frameworks */ = {isa = PBXBuildFile; fileRef = 0A1032A626FBDBDF00CFD620 /* FBSDKLoginKit.xcframework */; settings = {ATTRIBUTES = (CodeSignOnCopy, RemoveHeadersOnCopy, ); }; };
		0A1032B326FBDBDF00CFD620 /* FBSDKGamingServicesKit.xcframework in Frameworks */ = {isa = PBXBuildFile; fileRef = 0A1032A726FBDBDF00CFD620 /* FBSDKGamingServicesKit.xcframework */; };
		0A1032B426FBDBDF00CFD620 /* FBSDKGamingServicesKit.xcframework in Embed Frameworks */ = {isa = PBXBuildFile; fileRef = 0A1032A726FBDBDF00CFD620 /* FBSDKGamingServicesKit.xcframework */; settings = {ATTRIBUTES = (CodeSignOnCopy, RemoveHeadersOnCopy, ); }; };
		0A1032B526FBDBDF00CFD620 /* FBSDKShareKit.xcframework in Frameworks */ = {isa = PBXBuildFile; fileRef = 0A1032A826FBDBDF00CFD620 /* FBSDKShareKit.xcframework */; };
		0A1032B626FBDBDF00CFD620 /* FBSDKShareKit.xcframework in Embed Frameworks */ = {isa = PBXBuildFile; fileRef = 0A1032A826FBDBDF00CFD620 /* FBSDKShareKit.xcframework */; settings = {ATTRIBUTES = (CodeSignOnCopy, RemoveHeadersOnCopy, ); }; };
		0A1BB85226FBE2DC00E1F9A5 /* ViewController.swift in Sources */ = {isa = PBXBuildFile; fileRef = 0A1BB84F26FBE2DC00E1F9A5 /* ViewController.swift */; };
		0A1BB85326FBE2DC00E1F9A5 /* AppDelegate.swift in Sources */ = {isa = PBXBuildFile; fileRef = 0A1BB85026FBE2DC00E1F9A5 /* AppDelegate.swift */; };
		0A1BB85426FBE2DC00E1F9A5 /* SceneDelegate.swift in Sources */ = {isa = PBXBuildFile; fileRef = 0A1BB85126FBE2DC00E1F9A5 /* SceneDelegate.swift */; };
		0A1BB86B26FBE3B400E1F9A5 /* Main_iOS.storyboard in Resources */ = {isa = PBXBuildFile; fileRef = 0A1BB86A26FBE3B400E1F9A5 /* Main_iOS.storyboard */; };
		0A1BB87226FBE46700E1F9A5 /* Assets.xcassets in Resources */ = {isa = PBXBuildFile; fileRef = 0A1BB87026FBE46700E1F9A5 /* Assets.xcassets */; };
		0A1BB89A26FBE83700E1F9A5 /* TestSymbols_iOS.swift in Sources */ = {isa = PBXBuildFile; fileRef = 0A1BB89926FBE83700E1F9A5 /* TestSymbols_iOS.swift */; };
		0A1BB8B426FBEE6300E1F9A5 /* SomeObjCType.m in Sources */ = {isa = PBXBuildFile; fileRef = 0A1BB8B226FBEE6300E1F9A5 /* SomeObjCType.m */; };
/* End PBXBuildFile section */

/* Begin PBXCopyFilesBuildPhase section */
		0A1032B726FBDBDF00CFD620 /* Embed Frameworks */ = {
			isa = PBXCopyFilesBuildPhase;
			buildActionMask = 2147483647;
			dstPath = "";
			dstSubfolderSpec = 10;
			files = (
				0A1032B626FBDBDF00CFD620 /* FBSDKShareKit.xcframework in Embed Frameworks */,
				0A1032AA26FBDBDF00CFD620 /* FBAEMKit.xcframework in Embed Frameworks */,
				0A1032B226FBDBDF00CFD620 /* FBSDKLoginKit.xcframework in Embed Frameworks */,
				0A1032B026FBDBDF00CFD620 /* FBSDKCoreKit.xcframework in Embed Frameworks */,
				0A1032B426FBDBDF00CFD620 /* FBSDKGamingServicesKit.xcframework in Embed Frameworks */,
				0A1032AC26FBDBDF00CFD620 /* FBSDKCoreKit_Basics.xcframework in Embed Frameworks */,
			);
			name = "Embed Frameworks";
			runOnlyForDeploymentPostprocessing = 0;
		};
/* End PBXCopyFilesBuildPhase section */

/* Begin PBXFileReference section */
		0A10323226FBDAE900CFD620 /* iOS-Dynamic.app */ = {isa = PBXFileReference; explicitFileType = wrapper.application; includeInIndex = 0; path = "iOS-Dynamic.app"; sourceTree = BUILT_PRODUCTS_DIR; };
		0A1032A226FBDBDF00CFD620 /* FBAEMKit.xcframework */ = {isa = PBXFileReference; lastKnownFileType = wrapper.xcframework; name = FBAEMKit.xcframework; path = ../../../../build/XCFrameworks/Dynamic/FBAEMKit.xcframework; sourceTree = "<group>"; };
		0A1032A326FBDBDF00CFD620 /* FBSDKCoreKit_Basics.xcframework */ = {isa = PBXFileReference; lastKnownFileType = wrapper.xcframework; name = FBSDKCoreKit_Basics.xcframework; path = ../../../../build/XCFrameworks/Dynamic/FBSDKCoreKit_Basics.xcframework; sourceTree = "<group>"; };
		0A1032A526FBDBDF00CFD620 /* FBSDKCoreKit.xcframework */ = {isa = PBXFileReference; lastKnownFileType = wrapper.xcframework; name = FBSDKCoreKit.xcframework; path = ../../../../build/XCFrameworks/Dynamic/FBSDKCoreKit.xcframework; sourceTree = "<group>"; };
		0A1032A626FBDBDF00CFD620 /* FBSDKLoginKit.xcframework */ = {isa = PBXFileReference; lastKnownFileType = wrapper.xcframework; name = FBSDKLoginKit.xcframework; path = ../../../../build/XCFrameworks/Dynamic/FBSDKLoginKit.xcframework; sourceTree = "<group>"; };
		0A1032A726FBDBDF00CFD620 /* FBSDKGamingServicesKit.xcframework */ = {isa = PBXFileReference; lastKnownFileType = wrapper.xcframework; name = FBSDKGamingServicesKit.xcframework; path = ../../../../build/XCFrameworks/Dynamic/FBSDKGamingServicesKit.xcframework; sourceTree = "<group>"; };
		0A1032A826FBDBDF00CFD620 /* FBSDKShareKit.xcframework */ = {isa = PBXFileReference; lastKnownFileType = wrapper.xcframework; name = FBSDKShareKit.xcframework; path = ../../../../build/XCFrameworks/Dynamic/FBSDKShareKit.xcframework; sourceTree = "<group>"; };
		0A1BB84F26FBE2DC00E1F9A5 /* ViewController.swift */ = {isa = PBXFileReference; fileEncoding = 4; lastKnownFileType = sourcecode.swift; path = ViewController.swift; sourceTree = "<group>"; };
		0A1BB85026FBE2DC00E1F9A5 /* AppDelegate.swift */ = {isa = PBXFileReference; fileEncoding = 4; lastKnownFileType = sourcecode.swift; path = AppDelegate.swift; sourceTree = "<group>"; };
		0A1BB85126FBE2DC00E1F9A5 /* SceneDelegate.swift */ = {isa = PBXFileReference; fileEncoding = 4; lastKnownFileType = sourcecode.swift; path = SceneDelegate.swift; sourceTree = "<group>"; };
		0A1BB86A26FBE3B400E1F9A5 /* Main_iOS.storyboard */ = {isa = PBXFileReference; fileEncoding = 4; lastKnownFileType = file.storyboard; path = Main_iOS.storyboard; sourceTree = "<group>"; };
		0A1BB87026FBE46700E1F9A5 /* Assets.xcassets */ = {isa = PBXFileReference; lastKnownFileType = folder.assetcatalog; path = Assets.xcassets; sourceTree = "<group>"; };
		0A1BB89926FBE83700E1F9A5 /* TestSymbols_iOS.swift */ = {isa = PBXFileReference; lastKnownFileType = sourcecode.swift; path = TestSymbols_iOS.swift; sourceTree = "<group>"; };
		0A1BB8A526FBE9A700E1F9A5 /* Info_iOS.plist */ = {isa = PBXFileReference; fileEncoding = 4; lastKnownFileType = text.plist.xml; path = Info_iOS.plist; sourceTree = "<group>"; };
		0A1BB8B126FBEE6300E1F9A5 /* Bridging-Header.h */ = {isa = PBXFileReference; fileEncoding = 4; lastKnownFileType = sourcecode.c.h; path = "Bridging-Header.h"; sourceTree = "<group>"; };
		0A1BB8B226FBEE6300E1F9A5 /* SomeObjCType.m */ = {isa = PBXFileReference; fileEncoding = 4; lastKnownFileType = sourcecode.c.objc; path = SomeObjCType.m; sourceTree = "<group>"; };
		0A1BB8B326FBEE6300E1F9A5 /* SomeObjCType.h */ = {isa = PBXFileReference; fileEncoding = 4; lastKnownFileType = sourcecode.c.h; path = SomeObjCType.h; sourceTree = "<group>"; };
/* End PBXFileReference section */

/* Begin PBXFrameworksBuildPhase section */
		0A10322F26FBDAE900CFD620 /* Frameworks */ = {
			isa = PBXFrameworksBuildPhase;
			buildActionMask = 2147483647;
			files = (
				0A1032B526FBDBDF00CFD620 /* FBSDKShareKit.xcframework in Frameworks */,
				0A1032A926FBDBDF00CFD620 /* FBAEMKit.xcframework in Frameworks */,
				0A1032B126FBDBDF00CFD620 /* FBSDKLoginKit.xcframework in Frameworks */,
				0A1032AF26FBDBDF00CFD620 /* FBSDKCoreKit.xcframework in Frameworks */,
				0A1032B326FBDBDF00CFD620 /* FBSDKGamingServicesKit.xcframework in Frameworks */,
				0A1032AB26FBDBDF00CFD620 /* FBSDKCoreKit_Basics.xcframework in Frameworks */,
			);
			runOnlyForDeploymentPostprocessing = 0;
		};
/* End PBXFrameworksBuildPhase section */

/* Begin PBXGroup section */
		0A10322926FBDAE900CFD620 = {
			isa = PBXGroup;
			children = (
				0A1BB84E26FBE2DC00E1F9A5 /* Common */,
				0A10323426FBDAE900CFD620 /* iOS-Dynamic */,
				0A10323326FBDAE900CFD620 /* Products */,
				0A1032A126FBDBDF00CFD620 /* Frameworks */,
			);
			sourceTree = "<group>";
		};
		0A10323326FBDAE900CFD620 /* Products */ = {
			isa = PBXGroup;
			children = (
				0A10323226FBDAE900CFD620 /* iOS-Dynamic.app */,
			);
			name = Products;
			sourceTree = "<group>";
		};
		0A10323426FBDAE900CFD620 /* iOS-Dynamic */ = {
			isa = PBXGroup;
			children = (
			);
			path = "iOS-Dynamic";
			sourceTree = "<group>";
		};
		0A1032A126FBDBDF00CFD620 /* Frameworks */ = {
			isa = PBXGroup;
			children = (
				0A1032A226FBDBDF00CFD620 /* FBAEMKit.xcframework */,
				0A1032A326FBDBDF00CFD620 /* FBSDKCoreKit_Basics.xcframework */,
				0A1032A526FBDBDF00CFD620 /* FBSDKCoreKit.xcframework */,
				0A1032A726FBDBDF00CFD620 /* FBSDKGamingServicesKit.xcframework */,
				0A1032A626FBDBDF00CFD620 /* FBSDKLoginKit.xcframework */,
				0A1032A826FBDBDF00CFD620 /* FBSDKShareKit.xcframework */,
			);
			name = Frameworks;
			sourceTree = "<group>";
		};
		0A1BB84E26FBE2DC00E1F9A5 /* Common */ = {
			isa = PBXGroup;
			children = (
				0A1BB85026FBE2DC00E1F9A5 /* AppDelegate.swift */,
				0A1BB87026FBE46700E1F9A5 /* Assets.xcassets */,
				0A1BB8B126FBEE6300E1F9A5 /* Bridging-Header.h */,
				0A1BB8A526FBE9A700E1F9A5 /* Info_iOS.plist */,
				0A1BB86A26FBE3B400E1F9A5 /* Main_iOS.storyboard */,
				0A1BB85126FBE2DC00E1F9A5 /* SceneDelegate.swift */,
				0A1BB8B326FBEE6300E1F9A5 /* SomeObjCType.h */,
				0A1BB8B226FBEE6300E1F9A5 /* SomeObjCType.m */,
				0A1BB89926FBE83700E1F9A5 /* TestSymbols_iOS.swift */,
				0A1BB84F26FBE2DC00E1F9A5 /* ViewController.swift */,
			);
			name = Common;
			path = ../Common;
			sourceTree = "<group>";
		};
/* End PBXGroup section */

/* Begin PBXNativeTarget section */
		0A10323126FBDAE900CFD620 /* iOS-Dynamic */ = {
			isa = PBXNativeTarget;
			buildConfigurationList = 0A10324626FBDAEB00CFD620 /* Build configuration list for PBXNativeTarget "iOS-Dynamic" */;
			buildPhases = (
				0A10322E26FBDAE900CFD620 /* Sources */,
				0A10322F26FBDAE900CFD620 /* Frameworks */,
				0A10323026FBDAE900CFD620 /* Resources */,
				0A1032B726FBDBDF00CFD620 /* Embed Frameworks */,
			);
			buildRules = (
			);
			dependencies = (
			);
			name = "iOS-Dynamic";
			productName = "iOS-Dynamic";
			productReference = 0A10323226FBDAE900CFD620 /* iOS-Dynamic.app */;
			productType = "com.apple.product-type.application";
		};
/* End PBXNativeTarget section */

/* Begin PBXProject section */
		0A10322A26FBDAE900CFD620 /* Project object */ = {
			isa = PBXProject;
			attributes = {
				LastSwiftUpdateCheck = 1250;
				LastUpgradeCheck = 1250;
				TargetAttributes = {
					0A10323126FBDAE900CFD620 = {
						CreatedOnToolsVersion = 12.5;
						LastSwiftMigration = 1250;
					};
				};
			};
			buildConfigurationList = 0A10322D26FBDAE900CFD620 /* Build configuration list for PBXProject "iOS-Dynamic" */;
			compatibilityVersion = "Xcode 9.3";
			developmentRegion = en;
			hasScannedForEncodings = 0;
			knownRegions = (
				en,
				Base,
			);
			mainGroup = 0A10322926FBDAE900CFD620;
			productRefGroup = 0A10323326FBDAE900CFD620 /* Products */;
			projectDirPath = "";
			projectRoot = "";
			targets = (
				0A10323126FBDAE900CFD620 /* iOS-Dynamic */,
			);
		};
/* End PBXProject section */

/* Begin PBXResourcesBuildPhase section */
		0A10323026FBDAE900CFD620 /* Resources */ = {
			isa = PBXResourcesBuildPhase;
			buildActionMask = 2147483647;
			files = (
				0A1BB86B26FBE3B400E1F9A5 /* Main_iOS.storyboard in Resources */,
				0A1BB87226FBE46700E1F9A5 /* Assets.xcassets in Resources */,
			);
			runOnlyForDeploymentPostprocessing = 0;
		};
/* End PBXResourcesBuildPhase section */

/* Begin PBXSourcesBuildPhase section */
		0A10322E26FBDAE900CFD620 /* Sources */ = {
			isa = PBXSourcesBuildPhase;
			buildActionMask = 2147483647;
			files = (
				0A1BB8B426FBEE6300E1F9A5 /* SomeObjCType.m in Sources */,
				0A1BB85426FBE2DC00E1F9A5 /* SceneDelegate.swift in Sources */,
				0A1BB85326FBE2DC00E1F9A5 /* AppDelegate.swift in Sources */,
				0A1BB85226FBE2DC00E1F9A5 /* ViewController.swift in Sources */,
				0A1BB89A26FBE83700E1F9A5 /* TestSymbols_iOS.swift in Sources */,
			);
			runOnlyForDeploymentPostprocessing = 0;
		};
/* End PBXSourcesBuildPhase section */

/* Begin XCBuildConfiguration section */
		0A10324426FBDAEB00CFD620 /* Debug */ = {
			isa = XCBuildConfiguration;
			buildSettings = {
				ALWAYS_SEARCH_USER_PATHS = NO;
				CLANG_ANALYZER_NONNULL = YES;
				CLANG_ANALYZER_NUMBER_OBJECT_CONVERSION = YES_AGGRESSIVE;
				CLANG_CXX_LANGUAGE_STANDARD = "gnu++14";
				CLANG_CXX_LIBRARY = "libc++";
				CLANG_ENABLE_MODULES = YES;
				CLANG_ENABLE_OBJC_ARC = YES;
				CLANG_ENABLE_OBJC_WEAK = YES;
				CLANG_WARN_BLOCK_CAPTURE_AUTORELEASING = YES;
				CLANG_WARN_BOOL_CONVERSION = YES;
				CLANG_WARN_COMMA = YES;
				CLANG_WARN_CONSTANT_CONVERSION = YES;
				CLANG_WARN_DEPRECATED_OBJC_IMPLEMENTATIONS = YES;
				CLANG_WARN_DIRECT_OBJC_ISA_USAGE = YES_ERROR;
				CLANG_WARN_DOCUMENTATION_COMMENTS = YES;
				CLANG_WARN_EMPTY_BODY = YES;
				CLANG_WARN_ENUM_CONVERSION = YES;
				CLANG_WARN_INFINITE_RECURSION = YES;
				CLANG_WARN_INT_CONVERSION = YES;
				CLANG_WARN_NON_LITERAL_NULL_CONVERSION = YES;
				CLANG_WARN_OBJC_IMPLICIT_RETAIN_SELF = YES;
				CLANG_WARN_OBJC_LITERAL_CONVERSION = YES;
				CLANG_WARN_OBJC_ROOT_CLASS = YES_ERROR;
				CLANG_WARN_QUOTED_INCLUDE_IN_FRAMEWORK_HEADER = YES;
				CLANG_WARN_RANGE_LOOP_ANALYSIS = YES;
				CLANG_WARN_STRICT_PROTOTYPES = YES;
				CLANG_WARN_SUSPICIOUS_MOVE = YES;
				CLANG_WARN_UNGUARDED_AVAILABILITY = YES_AGGRESSIVE;
				CLANG_WARN_UNREACHABLE_CODE = YES;
				CLANG_WARN__DUPLICATE_METHOD_MATCH = YES;
				COPY_PHASE_STRIP = NO;
				DEBUG_INFORMATION_FORMAT = dwarf;
				ENABLE_STRICT_OBJC_MSGSEND = YES;
				ENABLE_TESTABILITY = YES;
				GCC_C_LANGUAGE_STANDARD = gnu11;
				GCC_DYNAMIC_NO_PIC = NO;
				GCC_NO_COMMON_BLOCKS = YES;
				GCC_OPTIMIZATION_LEVEL = 0;
				GCC_PREPROCESSOR_DEFINITIONS = (
					"DEBUG=1",
					"$(inherited)",
				);
				GCC_WARN_64_TO_32_BIT_CONVERSION = YES;
				GCC_WARN_ABOUT_RETURN_TYPE = YES_ERROR;
				GCC_WARN_UNDECLARED_SELECTOR = YES;
				GCC_WARN_UNINITIALIZED_AUTOS = YES_AGGRESSIVE;
				GCC_WARN_UNUSED_FUNCTION = YES;
				GCC_WARN_UNUSED_VARIABLE = YES;
				IPHONEOS_DEPLOYMENT_TARGET = 14.5;
				MTL_ENABLE_DEBUG_INFO = INCLUDE_SOURCE;
				MTL_FAST_MATH = YES;
				ONLY_ACTIVE_ARCH = YES;
				SDKROOT = iphoneos;
				SWIFT_ACTIVE_COMPILATION_CONDITIONS = DEBUG;
				SWIFT_OPTIMIZATION_LEVEL = "-Onone";
			};
			name = Debug;
		};
		0A10324526FBDAEB00CFD620 /* Release */ = {
			isa = XCBuildConfiguration;
			buildSettings = {
				ALWAYS_SEARCH_USER_PATHS = NO;
				CLANG_ANALYZER_NONNULL = YES;
				CLANG_ANALYZER_NUMBER_OBJECT_CONVERSION = YES_AGGRESSIVE;
				CLANG_CXX_LANGUAGE_STANDARD = "gnu++14";
				CLANG_CXX_LIBRARY = "libc++";
				CLANG_ENABLE_MODULES = YES;
				CLANG_ENABLE_OBJC_ARC = YES;
				CLANG_ENABLE_OBJC_WEAK = YES;
				CLANG_WARN_BLOCK_CAPTURE_AUTORELEASING = YES;
				CLANG_WARN_BOOL_CONVERSION = YES;
				CLANG_WARN_COMMA = YES;
				CLANG_WARN_CONSTANT_CONVERSION = YES;
				CLANG_WARN_DEPRECATED_OBJC_IMPLEMENTATIONS = YES;
				CLANG_WARN_DIRECT_OBJC_ISA_USAGE = YES_ERROR;
				CLANG_WARN_DOCUMENTATION_COMMENTS = YES;
				CLANG_WARN_EMPTY_BODY = YES;
				CLANG_WARN_ENUM_CONVERSION = YES;
				CLANG_WARN_INFINITE_RECURSION = YES;
				CLANG_WARN_INT_CONVERSION = YES;
				CLANG_WARN_NON_LITERAL_NULL_CONVERSION = YES;
				CLANG_WARN_OBJC_IMPLICIT_RETAIN_SELF = YES;
				CLANG_WARN_OBJC_LITERAL_CONVERSION = YES;
				CLANG_WARN_OBJC_ROOT_CLASS = YES_ERROR;
				CLANG_WARN_QUOTED_INCLUDE_IN_FRAMEWORK_HEADER = YES;
				CLANG_WARN_RANGE_LOOP_ANALYSIS = YES;
				CLANG_WARN_STRICT_PROTOTYPES = YES;
				CLANG_WARN_SUSPICIOUS_MOVE = YES;
				CLANG_WARN_UNGUARDED_AVAILABILITY = YES_AGGRESSIVE;
				CLANG_WARN_UNREACHABLE_CODE = YES;
				CLANG_WARN__DUPLICATE_METHOD_MATCH = YES;
				COPY_PHASE_STRIP = NO;
				DEBUG_INFORMATION_FORMAT = "dwarf-with-dsym";
				ENABLE_NS_ASSERTIONS = NO;
				ENABLE_STRICT_OBJC_MSGSEND = YES;
				GCC_C_LANGUAGE_STANDARD = gnu11;
				GCC_NO_COMMON_BLOCKS = YES;
				GCC_WARN_64_TO_32_BIT_CONVERSION = YES;
				GCC_WARN_ABOUT_RETURN_TYPE = YES_ERROR;
				GCC_WARN_UNDECLARED_SELECTOR = YES;
				GCC_WARN_UNINITIALIZED_AUTOS = YES_AGGRESSIVE;
				GCC_WARN_UNUSED_FUNCTION = YES;
				GCC_WARN_UNUSED_VARIABLE = YES;
				IPHONEOS_DEPLOYMENT_TARGET = 14.5;
				MTL_ENABLE_DEBUG_INFO = NO;
				MTL_FAST_MATH = YES;
				SDKROOT = iphoneos;
				SWIFT_COMPILATION_MODE = wholemodule;
				SWIFT_OPTIMIZATION_LEVEL = "-O";
				VALIDATE_PRODUCT = YES;
			};
			name = Release;
		};
		0A10324726FBDAEB00CFD620 /* Debug */ = {
			isa = XCBuildConfiguration;
			buildSettings = {
				ASSETCATALOG_COMPILER_APPICON_NAME = AppIcon;
				ASSETCATALOG_COMPILER_GLOBAL_ACCENT_COLOR_NAME = AccentColor;
				CLANG_ENABLE_MODULES = YES;
				CODE_SIGN_STYLE = Automatic;
				INFOPLIST_FILE = ../Common/Info_iOS.plist;
				LD_RUNPATH_SEARCH_PATHS = (
					"$(inherited)",
					"@executable_path/Frameworks",
				);
				PRODUCT_BUNDLE_IDENTIFIER = "com.facebook.iOS-Dynamic";
				PRODUCT_NAME = "$(TARGET_NAME)";
				SWIFT_OBJC_BRIDGING_HEADER = "../Common/Bridging-Header.h";
				SWIFT_OPTIMIZATION_LEVEL = "-Onone";
				SWIFT_VERSION = 5.0;
				TARGETED_DEVICE_FAMILY = "1,2";
			};
			name = Debug;
		};
		0A10324826FBDAEB00CFD620 /* Release */ = {
			isa = XCBuildConfiguration;
			buildSettings = {
				ASSETCATALOG_COMPILER_APPICON_NAME = AppIcon;
				ASSETCATALOG_COMPILER_GLOBAL_ACCENT_COLOR_NAME = AccentColor;
				CLANG_ENABLE_MODULES = YES;
				CODE_SIGN_STYLE = Automatic;
				INFOPLIST_FILE = ../Common/Info_iOS.plist;
				LD_RUNPATH_SEARCH_PATHS = (
					"$(inherited)",
					"@executable_path/Frameworks",
				);
				PRODUCT_BUNDLE_IDENTIFIER = "com.facebook.iOS-Dynamic";
				PRODUCT_NAME = "$(TARGET_NAME)";
				SWIFT_OBJC_BRIDGING_HEADER = "../Common/Bridging-Header.h";
				SWIFT_VERSION = 5.0;
				TARGETED_DEVICE_FAMILY = "1,2";
			};
			name = Release;
		};
/* End XCBuildConfiguration section */

/* Begin XCConfigurationList section */
		0A10322D26FBDAE900CFD620 /* Build configuration list for PBXProject "iOS-Dynamic" */ = {
			isa = XCConfigurationList;
			buildConfigurations = (
				0A10324426FBDAEB00CFD620 /* Debug */,
				0A10324526FBDAEB00CFD620 /* Release */,
			);
			defaultConfigurationIsVisible = 0;
			defaultConfigurationName = Release;
		};
		0A10324626FBDAEB00CFD620 /* Build configuration list for PBXNativeTarget "iOS-Dynamic" */ = {
			isa = XCConfigurationList;
			buildConfigurations = (
				0A10324726FBDAEB00CFD620 /* Debug */,
				0A10324826FBDAEB00CFD620 /* Release */,
			);
			defaultConfigurationIsVisible = 0;
			defaultConfigurationName = Release;
		};
/* End XCConfigurationList section */
	};
	rootObject = 0A10322A26FBDAE900CFD620 /* Project object */;
}
