// !$*UTF8*$!
{
	archiveVersion = 1;
	classes = {
	};
	objectVersion = 46;
	objects = {

/* Begin PBXBuildFile section */
		89344A651909A28B0072DAC4 /* Foundation.framework in Frameworks */ = {isa = PBXBuildFile; fileRef = 89344A641909A28B0072DAC4 /* Foundation.framework */; };
		89344A671909A28B0072DAC4 /* CoreGraphics.framework in Frameworks */ = {isa = PBXBuildFile; fileRef = 89344A661909A28B0072DAC4 /* CoreGraphics.framework */; };
		89344A691909A28B0072DAC4 /* UIKit.framework in Frameworks */ = {isa = PBXBuildFile; fileRef = 89344A681909A28B0072DAC4 /* UIKit.framework */; };
		89344A6F1909A28B0072DAC4 /* InfoPlist.strings in Resources */ = {isa = PBXBuildFile; fileRef = 89344A6D1909A28B0072DAC4 /* InfoPlist.strings */; };
		89344A711909A28B0072DAC4 /* main.m in Sources */ = {isa = PBXBuildFile; fileRef = 89344A701909A28B0072DAC4 /* main.m */; };
		89344A751909A28B0072DAC4 /* SIAppDelegate.m in Sources */ = {isa = PBXBuildFile; fileRef = 89344A741909A28B0072DAC4 /* SIAppDelegate.m */; };
		89344A781909A28B0072DAC4 /* Main.storyboard in Resources */ = {isa = PBXBuildFile; fileRef = 89344A761909A28B0072DAC4 /* Main.storyboard */; };
		89344A7B1909A28B0072DAC4 /* SIMainViewController.m in Sources */ = {isa = PBXBuildFile; fileRef = 89344A7A1909A28B0072DAC4 /* SIMainViewController.m */; };
		89344A801909A28B0072DAC4 /* Images.xcassets in Resources */ = {isa = PBXBuildFile; fileRef = 89344A7F1909A28B0072DAC4 /* Images.xcassets */; };
		8976F076190AE8B100F1A7D7 /* SIPhoto.m in Sources */ = {isa = PBXBuildFile; fileRef = 8976F075190AE8B100F1A7D7 /* SIPhoto.m */; };
		8976F096190AFF4400F1A7D7 /* SIMainView.m in Sources */ = {isa = PBXBuildFile; fileRef = 8976F095190AFF4400F1A7D7 /* SIMainView.m */; };
		89F30ED4190FE72C00BA24E0 /* MessageUI.framework in Frameworks */ = {isa = PBXBuildFile; fileRef = 89F30ED3190FE72C00BA24E0 /* MessageUI.framework */; };
		DBAF30CF1A97CC2700807E05 /* FBSDKCoreKit.framework in Frameworks */ = {isa = PBXBuildFile; fileRef = DBAF30CC1A97CC2700807E05 /* FBSDKCoreKit.framework */; };
		DBAF30D01A97CC2700807E05 /* FBSDKLoginKit.framework in Frameworks */ = {isa = PBXBuildFile; fileRef = DBAF30CD1A97CC2700807E05 /* FBSDKLoginKit.framework */; };
		DBAF30D11A97CC2700807E05 /* FBSDKShareKit.framework in Frameworks */ = {isa = PBXBuildFile; fileRef = DBAF30CE1A97CC2700807E05 /* FBSDKShareKit.framework */; };
/* End PBXBuildFile section */

/* Begin PBXFileReference section */
		89344A611909A28B0072DAC4 /* ShareIt.app */ = {isa = PBXFileReference; explicitFileType = wrapper.application; includeInIndex = 0; path = ShareIt.app; sourceTree = BUILT_PRODUCTS_DIR; };
		89344A641909A28B0072DAC4 /* Foundation.framework */ = {isa = PBXFileReference; lastKnownFileType = wrapper.framework; name = Foundation.framework; path = System/Library/Frameworks/Foundation.framework; sourceTree = SDKROOT; };
		89344A661909A28B0072DAC4 /* CoreGraphics.framework */ = {isa = PBXFileReference; lastKnownFileType = wrapper.framework; name = CoreGraphics.framework; path = System/Library/Frameworks/CoreGraphics.framework; sourceTree = SDKROOT; };
		89344A681909A28B0072DAC4 /* UIKit.framework */ = {isa = PBXFileReference; lastKnownFileType = wrapper.framework; name = UIKit.framework; path = System/Library/Frameworks/UIKit.framework; sourceTree = SDKROOT; };
		89344A6C1909A28B0072DAC4 /* ShareIt-Info.plist */ = {isa = PBXFileReference; lastKnownFileType = text.plist.xml; path = "ShareIt-Info.plist"; sourceTree = "<group>"; };
		89344A6E1909A28B0072DAC4 /* en */ = {isa = PBXFileReference; lastKnownFileType = text.plist.strings; name = en; path = en.lproj/InfoPlist.strings; sourceTree = "<group>"; };
		89344A701909A28B0072DAC4 /* main.m */ = {isa = PBXFileReference; lastKnownFileType = sourcecode.c.objc; path = main.m; sourceTree = "<group>"; };
		89344A721909A28B0072DAC4 /* ShareIt-Prefix.pch */ = {isa = PBXFileReference; lastKnownFileType = sourcecode.c.h; path = "ShareIt-Prefix.pch"; sourceTree = "<group>"; };
		89344A731909A28B0072DAC4 /* SIAppDelegate.h */ = {isa = PBXFileReference; lastKnownFileType = sourcecode.c.h; path = SIAppDelegate.h; sourceTree = "<group>"; };
		89344A741909A28B0072DAC4 /* SIAppDelegate.m */ = {isa = PBXFileReference; lastKnownFileType = sourcecode.c.objc; path = SIAppDelegate.m; sourceTree = "<group>"; };
		89344A771909A28B0072DAC4 /* Base */ = {isa = PBXFileReference; lastKnownFileType = file.storyboard; name = Base; path = Base.lproj/Main.storyboard; sourceTree = "<group>"; };
		89344A791909A28B0072DAC4 /* SIMainViewController.h */ = {isa = PBXFileReference; lastKnownFileType = sourcecode.c.h; path = SIMainViewController.h; sourceTree = "<group>"; };
		89344A7A1909A28B0072DAC4 /* SIMainViewController.m */ = {isa = PBXFileReference; lastKnownFileType = sourcecode.c.objc; path = SIMainViewController.m; sourceTree = "<group>"; };
		89344A7F1909A28B0072DAC4 /* Images.xcassets */ = {isa = PBXFileReference; lastKnownFileType = folder.assetcatalog; path = Images.xcassets; sourceTree = "<group>"; };
		89344A9F1909A7230072DAC4 /* Application.xcconfig */ = {isa = PBXFileReference; lastKnownFileType = text.xcconfig; path = Application.xcconfig; sourceTree = "<group>"; };
		89344AA01909A72F0072DAC4 /* Project.xcconfig */ = {isa = PBXFileReference; lastKnownFileType = text.xcconfig; path = Project.xcconfig; sourceTree = "<group>"; };
		89344AA11909A7370072DAC4 /* Project-Debug.xcconfig */ = {isa = PBXFileReference; lastKnownFileType = text.xcconfig; path = "Project-Debug.xcconfig"; sourceTree = "<group>"; };
		89344AA21909A73E0072DAC4 /* Project-Release.xcconfig */ = {isa = PBXFileReference; lastKnownFileType = text.xcconfig; path = "Project-Release.xcconfig"; sourceTree = "<group>"; };
		8976F074190AE8B100F1A7D7 /* SIPhoto.h */ = {isa = PBXFileReference; fileEncoding = 4; lastKnownFileType = sourcecode.c.h; path = SIPhoto.h; sourceTree = "<group>"; };
		8976F075190AE8B100F1A7D7 /* SIPhoto.m */ = {isa = PBXFileReference; fileEncoding = 4; lastKnownFileType = sourcecode.c.objc; path = SIPhoto.m; sourceTree = "<group>"; };
		8976F094190AFF4400F1A7D7 /* SIMainView.h */ = {isa = PBXFileReference; fileEncoding = 4; lastKnownFileType = sourcecode.c.h; path = SIMainView.h; sourceTree = "<group>"; };
		8976F095190AFF4400F1A7D7 /* SIMainView.m */ = {isa = PBXFileReference; fileEncoding = 4; lastKnownFileType = sourcecode.c.objc; path = SIMainView.m; sourceTree = "<group>"; };
		89F30ED3190FE72C00BA24E0 /* MessageUI.framework */ = {isa = PBXFileReference; lastKnownFileType = wrapper.framework; name = MessageUI.framework; path = Platforms/iPhoneOS.platform/Developer/SDKs/iPhoneOS7.1.sdk/System/Library/Frameworks/MessageUI.framework; sourceTree = DEVELOPER_DIR; };
		DBAF30CC1A97CC2700807E05 /* FBSDKCoreKit.framework */ = {isa = PBXFileReference; lastKnownFileType = wrapper.framework; name = FBSDKCoreKit.framework; path = ../../build/FBSDKCoreKit.framework; sourceTree = "<group>"; };
		DBAF30CD1A97CC2700807E05 /* FBSDKLoginKit.framework */ = {isa = PBXFileReference; lastKnownFileType = wrapper.framework; name = FBSDKLoginKit.framework; path = ../../build/FBSDKLoginKit.framework; sourceTree = "<group>"; };
		DBAF30CE1A97CC2700807E05 /* FBSDKShareKit.framework */ = {isa = PBXFileReference; lastKnownFileType = wrapper.framework; name = FBSDKShareKit.framework; path = ../../build/FBSDKShareKit.framework; sourceTree = "<group>"; };
/* End PBXFileReference section */

/* Begin PBXFrameworksBuildPhase section */
		89344A5E1909A28B0072DAC4 /* Frameworks */ = {
			isa = PBXFrameworksBuildPhase;
			buildActionMask = 2147483647;
			files = (
				DBAF30D11A97CC2700807E05 /* FBSDKShareKit.framework in Frameworks */,
				89F30ED4190FE72C00BA24E0 /* MessageUI.framework in Frameworks */,
				DBAF30CF1A97CC2700807E05 /* FBSDKCoreKit.framework in Frameworks */,
				89344A671909A28B0072DAC4 /* CoreGraphics.framework in Frameworks */,
				DBAF30D01A97CC2700807E05 /* FBSDKLoginKit.framework in Frameworks */,
				89344A691909A28B0072DAC4 /* UIKit.framework in Frameworks */,
				89344A651909A28B0072DAC4 /* Foundation.framework in Frameworks */,
			);
			runOnlyForDeploymentPostprocessing = 0;
		};
/* End PBXFrameworksBuildPhase section */

/* Begin PBXGroup section */
		89344A581909A28B0072DAC4 = {
			isa = PBXGroup;
			children = (
				89344A6A1909A28B0072DAC4 /* ShareIt */,
				89344A631909A28B0072DAC4 /* Frameworks */,
				89344A621909A28B0072DAC4 /* Products */,
			);
			sourceTree = "<group>";
		};
		89344A621909A28B0072DAC4 /* Products */ = {
			isa = PBXGroup;
			children = (
				89344A611909A28B0072DAC4 /* ShareIt.app */,
			);
			name = Products;
			sourceTree = "<group>";
		};
		89344A631909A28B0072DAC4 /* Frameworks */ = {
			isa = PBXGroup;
			children = (
				DBAF30CC1A97CC2700807E05 /* FBSDKCoreKit.framework */,
				DBAF30CD1A97CC2700807E05 /* FBSDKLoginKit.framework */,
				DBAF30CE1A97CC2700807E05 /* FBSDKShareKit.framework */,
				89344A661909A28B0072DAC4 /* CoreGraphics.framework */,
				89344A641909A28B0072DAC4 /* Foundation.framework */,
				89F30ED3190FE72C00BA24E0 /* MessageUI.framework */,
				89344A681909A28B0072DAC4 /* UIKit.framework */,
			);
			name = Frameworks;
			sourceTree = "<group>";
		};
		89344A6A1909A28B0072DAC4 /* ShareIt */ = {
			isa = PBXGroup;
			children = (
				89344A9E1909A7080072DAC4 /* Configurations */,
				89344A7F1909A28B0072DAC4 /* Images.xcassets */,
				89344A761909A28B0072DAC4 /* Main.storyboard */,
				89344A731909A28B0072DAC4 /* SIAppDelegate.h */,
				89344A741909A28B0072DAC4 /* SIAppDelegate.m */,
				8976F094190AFF4400F1A7D7 /* SIMainView.h */,
				8976F095190AFF4400F1A7D7 /* SIMainView.m */,
				89344A791909A28B0072DAC4 /* SIMainViewController.h */,
				89344A7A1909A28B0072DAC4 /* SIMainViewController.m */,
				8976F074190AE8B100F1A7D7 /* SIPhoto.h */,
				8976F075190AE8B100F1A7D7 /* SIPhoto.m */,
				89344A6B1909A28B0072DAC4 /* Supporting Files */,
			);
			path = ShareIt;
			sourceTree = "<group>";
		};
		89344A6B1909A28B0072DAC4 /* Supporting Files */ = {
			isa = PBXGroup;
			children = (
				89344A6D1909A28B0072DAC4 /* InfoPlist.strings */,
				89344A701909A28B0072DAC4 /* main.m */,
				89344A6C1909A28B0072DAC4 /* ShareIt-Info.plist */,
				89344A721909A28B0072DAC4 /* ShareIt-Prefix.pch */,
			);
			name = "Supporting Files";
			sourceTree = "<group>";
		};
		89344A9E1909A7080072DAC4 /* Configurations */ = {
			isa = PBXGroup;
			children = (
				89344A9F1909A7230072DAC4 /* Application.xcconfig */,
				89344AA11909A7370072DAC4 /* Project-Debug.xcconfig */,
				89344AA21909A73E0072DAC4 /* Project-Release.xcconfig */,
				89344AA01909A72F0072DAC4 /* Project.xcconfig */,
			);
			name = Configurations;
			path = ../../Configurations;
			sourceTree = "<group>";
		};
/* End PBXGroup section */

/* Begin PBXNativeTarget section */
		89344A601909A28B0072DAC4 /* ShareIt */ = {
			isa = PBXNativeTarget;
			buildConfigurationList = 89344A961909A28B0072DAC4 /* Build configuration list for PBXNativeTarget "ShareIt" */;
			buildPhases = (
				89344A5D1909A28B0072DAC4 /* Sources */,
				89344A5E1909A28B0072DAC4 /* Frameworks */,
				89344A5F1909A28B0072DAC4 /* Resources */,
			);
			buildRules = (
			);
			dependencies = (
			);
			name = ShareIt;
			productName = ShareIt;
			productReference = 89344A611909A28B0072DAC4 /* ShareIt.app */;
			productType = "com.apple.product-type.application";
		};
/* End PBXNativeTarget section */

/* Begin PBXProject section */
		89344A591909A28B0072DAC4 /* Project object */ = {
			isa = PBXProject;
			attributes = {
				CLASSPREFIX = SI;
				LastUpgradeCheck = 0630;
				ORGANIZATIONNAME = Example;
			};
			buildConfigurationList = 89344A5C1909A28B0072DAC4 /* Build configuration list for PBXProject "ShareIt" */;
			compatibilityVersion = "Xcode 3.2";
			developmentRegion = English;
			hasScannedForEncodings = 0;
			knownRegions = (
				en,
				Base,
			);
			mainGroup = 89344A581909A28B0072DAC4;
			productRefGroup = 89344A621909A28B0072DAC4 /* Products */;
			projectDirPath = "";
			projectRoot = "";
			targets = (
				89344A601909A28B0072DAC4 /* ShareIt */,
			);
		};
/* End PBXProject section */

/* Begin PBXResourcesBuildPhase section */
		89344A5F1909A28B0072DAC4 /* Resources */ = {
			isa = PBXResourcesBuildPhase;
			buildActionMask = 2147483647;
			files = (
				89344A801909A28B0072DAC4 /* Images.xcassets in Resources */,
				89344A6F1909A28B0072DAC4 /* InfoPlist.strings in Resources */,
				89344A781909A28B0072DAC4 /* Main.storyboard in Resources */,
			);
			runOnlyForDeploymentPostprocessing = 0;
		};
/* End PBXResourcesBuildPhase section */

/* Begin PBXSourcesBuildPhase section */
		89344A5D1909A28B0072DAC4 /* Sources */ = {
			isa = PBXSourcesBuildPhase;
			buildActionMask = 2147483647;
			files = (
				89344A751909A28B0072DAC4 /* SIAppDelegate.m in Sources */,
				89344A7B1909A28B0072DAC4 /* SIMainViewController.m in Sources */,
				8976F076190AE8B100F1A7D7 /* SIPhoto.m in Sources */,
				8976F096190AFF4400F1A7D7 /* SIMainView.m in Sources */,
				89344A711909A28B0072DAC4 /* main.m in Sources */,
			);
			runOnlyForDeploymentPostprocessing = 0;
		};
/* End PBXSourcesBuildPhase section */

/* Begin PBXVariantGroup section */
		89344A6D1909A28B0072DAC4 /* InfoPlist.strings */ = {
			isa = PBXVariantGroup;
			children = (
				89344A6E1909A28B0072DAC4 /* en */,
			);
			name = InfoPlist.strings;
			sourceTree = "<group>";
		};
		89344A761909A28B0072DAC4 /* Main.storyboard */ = {
			isa = PBXVariantGroup;
			children = (
				89344A771909A28B0072DAC4 /* Base */,
			);
			name = Main.storyboard;
			sourceTree = "<group>";
		};
/* End PBXVariantGroup section */

/* Begin XCBuildConfiguration section */
		89344A941909A28B0072DAC4 /* Debug */ = {
			isa = XCBuildConfiguration;
			baseConfigurationReference = 89344A9F1909A7230072DAC4 /* Application.xcconfig */;
			buildSettings = {
			};
			name = Debug;
		};
		89344A951909A28B0072DAC4 /* Release */ = {
			isa = XCBuildConfiguration;
			baseConfigurationReference = 89344A9F1909A7230072DAC4 /* Application.xcconfig */;
			buildSettings = {
			};
			name = Release;
		};
		89344A971909A28B0072DAC4 /* Debug */ = {
			isa = XCBuildConfiguration;
			baseConfigurationReference = 89344AA11909A7370072DAC4 /* Project-Debug.xcconfig */;
			buildSettings = {
			};
			name = Debug;
		};
		89344A981909A28B0072DAC4 /* Release */ = {
			isa = XCBuildConfiguration;
			baseConfigurationReference = 89344AA21909A73E0072DAC4 /* Project-Release.xcconfig */;
			buildSettings = {
			};
			name = Release;
		};
/* End XCBuildConfiguration section */

/* Begin XCConfigurationList section */
		89344A5C1909A28B0072DAC4 /* Build configuration list for PBXProject "ShareIt" */ = {
			isa = XCConfigurationList;
			buildConfigurations = (
				89344A941909A28B0072DAC4 /* Debug */,
				89344A951909A28B0072DAC4 /* Release */,
			);
			defaultConfigurationIsVisible = 0;
			defaultConfigurationName = Release;
		};
		89344A961909A28B0072DAC4 /* Build configuration list for PBXNativeTarget "ShareIt" */ = {
			isa = XCConfigurationList;
			buildConfigurations = (
				89344A971909A28B0072DAC4 /* Debug */,
				89344A981909A28B0072DAC4 /* Release */,
			);
			defaultConfigurationIsVisible = 0;
			defaultConfigurationName = Release;
		};
/* End XCConfigurationList section */
	};
	rootObject = 89344A591909A28B0072DAC4 /* Project object */;
}
