// !$*UTF8*$!
{
	archiveVersion = 1;
	classes = {
	};
	objectVersion = 46;
	objects = {

/* Begin PBXBuildFile section */
		84C757BD152A38770070DD9C /* UIKit.framework in Frameworks */ = {isa = PBXBuildFile; fileRef = 84C757BC152A38770070DD9C /* UIKit.framework */; };
		84C757BF152A38770070DD9C /* Foundation.framework in Frameworks */ = {isa = PBXBuildFile; fileRef = 84C757BE152A38770070DD9C /* Foundation.framework */; };
		84C757C1152A38770070DD9C /* CoreGraphics.framework in Frameworks */ = {isa = PBXBuildFile; fileRef = 84C757C0152A38770070DD9C /* CoreGraphics.framework */; };
		84C757C7152A38770070DD9C /* InfoPlist.strings in Resources */ = {isa = PBXBuildFile; fileRef = 84C757C5152A38770070DD9C /* InfoPlist.strings */; };
		84C757C9152A38770070DD9C /* main.m in Sources */ = {isa = PBXBuildFile; fileRef = 84C757C8152A38770070DD9C /* main.m */; };
		84C757CD152A38770070DD9C /* SLAppDelegate.m in Sources */ = {isa = PBXBuildFile; fileRef = 84C757CC152A38770070DD9C /* SLAppDelegate.m */; };
		84C757D0152A38770070DD9C /* SLViewController.m in Sources */ = {isa = PBXBuildFile; fileRef = 84C757CF152A38770070DD9C /* SLViewController.m */; };
		84C757D3152A38780070DD9C /* SLViewController_iPhone.xib in Resources */ = {isa = PBXBuildFile; fileRef = 84C757D1152A38780070DD9C /* SLViewController_iPhone.xib */; };
		84C757D6152A38780070DD9C /* SLViewController_iPad.xib in Resources */ = {isa = PBXBuildFile; fileRef = 84C757D4152A38780070DD9C /* SLViewController_iPad.xib */; };
		84E7AF45158FAB2F006009C7 /* Icon-72.png in Resources */ = {isa = PBXBuildFile; fileRef = 84E7AF41158FAB2F006009C7 /* Icon-72.png */; };
		84E7AF46158FAB2F006009C7 /* Icon-72@2x.png in Resources */ = {isa = PBXBuildFile; fileRef = 84E7AF42158FAB2F006009C7 /* Icon-72@2x.png */; };
		84E7AF47158FAB2F006009C7 /* Icon.png in Resources */ = {isa = PBXBuildFile; fileRef = 84E7AF43158FAB2F006009C7 /* Icon.png */; };
		84E7AF48158FAB2F006009C7 /* Icon@2x.png in Resources */ = {isa = PBXBuildFile; fileRef = 84E7AF44158FAB2F006009C7 /* Icon@2x.png */; };
		85C69DB41602B33C008AD9A0 /* Default-568h@2x.png in Resources */ = {isa = PBXBuildFile; fileRef = 85C69DB11602B33C008AD9A0 /* Default-568h@2x.png */; };
		85C69DB51602B33C008AD9A0 /* Default.png in Resources */ = {isa = PBXBuildFile; fileRef = 85C69DB21602B33C008AD9A0 /* Default.png */; };
		85C69DB61602B33C008AD9A0 /* Default@2x.png in Resources */ = {isa = PBXBuildFile; fileRef = 85C69DB31602B33C008AD9A0 /* Default@2x.png */; };
		DDA290A415ABA93700F533F9 /* FacebookSDK.framework in Frameworks */ = {isa = PBXBuildFile; fileRef = DDA290A315ABA93700F533F9 /* FacebookSDK.framework */; };
/* End PBXBuildFile section */

/* Begin PBXFileReference section */
		84C757B8152A38770070DD9C /* SessionLoginSample.app */ = {isa = PBXFileReference; explicitFileType = wrapper.application; includeInIndex = 0; path = SessionLoginSample.app; sourceTree = BUILT_PRODUCTS_DIR; };
		84C757BC152A38770070DD9C /* UIKit.framework */ = {isa = PBXFileReference; lastKnownFileType = wrapper.framework; name = UIKit.framework; path = System/Library/Frameworks/UIKit.framework; sourceTree = SDKROOT; };
		84C757BE152A38770070DD9C /* Foundation.framework */ = {isa = PBXFileReference; lastKnownFileType = wrapper.framework; name = Foundation.framework; path = System/Library/Frameworks/Foundation.framework; sourceTree = SDKROOT; };
		84C757C0152A38770070DD9C /* CoreGraphics.framework */ = {isa = PBXFileReference; lastKnownFileType = wrapper.framework; name = CoreGraphics.framework; path = System/Library/Frameworks/CoreGraphics.framework; sourceTree = SDKROOT; };
		84C757C4152A38770070DD9C /* SessionLoginSample-Info.plist */ = {isa = PBXFileReference; lastKnownFileType = text.plist.xml; path = "SessionLoginSample-Info.plist"; sourceTree = "<group>"; };
		84C757C6152A38770070DD9C /* en */ = {isa = PBXFileReference; lastKnownFileType = text.plist.strings; name = en; path = en.lproj/InfoPlist.strings; sourceTree = "<group>"; };
		84C757C8152A38770070DD9C /* main.m */ = {isa = PBXFileReference; lastKnownFileType = sourcecode.c.objc; path = main.m; sourceTree = "<group>"; };
		84C757CA152A38770070DD9C /* SessionLoginSample-Prefix.pch */ = {isa = PBXFileReference; lastKnownFileType = sourcecode.c.h; path = "SessionLoginSample-Prefix.pch"; sourceTree = "<group>"; };
		84C757CB152A38770070DD9C /* SLAppDelegate.h */ = {isa = PBXFileReference; lastKnownFileType = sourcecode.c.h; path = SLAppDelegate.h; sourceTree = "<group>"; };
		84C757CC152A38770070DD9C /* SLAppDelegate.m */ = {isa = PBXFileReference; lastKnownFileType = sourcecode.c.objc; path = SLAppDelegate.m; sourceTree = "<group>"; };
		84C757CE152A38770070DD9C /* SLViewController.h */ = {isa = PBXFileReference; lastKnownFileType = sourcecode.c.h; path = SLViewController.h; sourceTree = "<group>"; };
		84C757CF152A38770070DD9C /* SLViewController.m */ = {isa = PBXFileReference; lastKnownFileType = sourcecode.c.objc; path = SLViewController.m; sourceTree = "<group>"; };
		84C757D2152A38780070DD9C /* en */ = {isa = PBXFileReference; lastKnownFileType = file.xib; name = en; path = en.lproj/SLViewController_iPhone.xib; sourceTree = "<group>"; };
		84C757D5152A38780070DD9C /* en */ = {isa = PBXFileReference; lastKnownFileType = file.xib; name = en; path = en.lproj/SLViewController_iPad.xib; sourceTree = "<group>"; };
		84E7AF41158FAB2F006009C7 /* Icon-72.png */ = {isa = PBXFileReference; lastKnownFileType = image.png; path = "Icon-72.png"; sourceTree = "<group>"; };
		84E7AF42158FAB2F006009C7 /* Icon-72@2x.png */ = {isa = PBXFileReference; lastKnownFileType = image.png; path = "Icon-72@2x.png"; sourceTree = "<group>"; };
		84E7AF43158FAB2F006009C7 /* Icon.png */ = {isa = PBXFileReference; lastKnownFileType = image.png; path = Icon.png; sourceTree = "<group>"; };
		84E7AF44158FAB2F006009C7 /* Icon@2x.png */ = {isa = PBXFileReference; lastKnownFileType = image.png; path = "Icon@2x.png"; sourceTree = "<group>"; };
		85C69DB11602B33C008AD9A0 /* Default-568h@2x.png */ = {isa = PBXFileReference; lastKnownFileType = image.png; path = "Default-568h@2x.png"; sourceTree = "<group>"; };
		85C69DB21602B33C008AD9A0 /* Default.png */ = {isa = PBXFileReference; lastKnownFileType = image.png; path = Default.png; sourceTree = "<group>"; };
		85C69DB31602B33C008AD9A0 /* Default@2x.png */ = {isa = PBXFileReference; lastKnownFileType = image.png; path = "Default@2x.png"; sourceTree = "<group>"; };
		DDA290A315ABA93700F533F9 /* FacebookSDK.framework */ = {isa = PBXFileReference; lastKnownFileType = wrapper.framework; name = FacebookSDK.framework; path = ../../build/FacebookSDK.framework; sourceTree = "<group>"; };
/* End PBXFileReference section */

/* Begin PBXFrameworksBuildPhase section */
		84C757B5152A38770070DD9C /* Frameworks */ = {
			isa = PBXFrameworksBuildPhase;
			buildActionMask = 2147483647;
			files = (
				84C757BD152A38770070DD9C /* UIKit.framework in Frameworks */,
				84C757BF152A38770070DD9C /* Foundation.framework in Frameworks */,
				84C757C1152A38770070DD9C /* CoreGraphics.framework in Frameworks */,
				DDA290A415ABA93700F533F9 /* FacebookSDK.framework in Frameworks */,
			);
			runOnlyForDeploymentPostprocessing = 0;
		};
/* End PBXFrameworksBuildPhase section */

/* Begin PBXGroup section */
		84C757AD152A38770070DD9C = {
			isa = PBXGroup;
			children = (
				84C757C2152A38770070DD9C /* SessionLoginSample */,
				84C757BB152A38770070DD9C /* Frameworks */,
				84C757B9152A38770070DD9C /* Products */,
			);
			indentWidth = 4;
			sourceTree = "<group>";
			tabWidth = 4;
		};
		84C757B9152A38770070DD9C /* Products */ = {
			isa = PBXGroup;
			children = (
				84C757B8152A38770070DD9C /* SessionLoginSample.app */,
			);
			name = Products;
			sourceTree = "<group>";
		};
		84C757BB152A38770070DD9C /* Frameworks */ = {
			isa = PBXGroup;
			children = (
				DDA290A315ABA93700F533F9 /* FacebookSDK.framework */,
				84C757BC152A38770070DD9C /* UIKit.framework */,
				84C757BE152A38770070DD9C /* Foundation.framework */,
				84C757C0152A38770070DD9C /* CoreGraphics.framework */,
			);
			name = Frameworks;
			sourceTree = "<group>";
		};
		84C757C2152A38770070DD9C /* SessionLoginSample */ = {
			isa = PBXGroup;
			children = (
				84C757CB152A38770070DD9C /* SLAppDelegate.h */,
				84C757CC152A38770070DD9C /* SLAppDelegate.m */,
				84C757CE152A38770070DD9C /* SLViewController.h */,
				84C757CF152A38770070DD9C /* SLViewController.m */,
				84C757D1152A38780070DD9C /* SLViewController_iPhone.xib */,
				84C757D4152A38780070DD9C /* SLViewController_iPad.xib */,
				84C757C3152A38770070DD9C /* Supporting Files */,
			);
			path = SessionLoginSample;
			sourceTree = "<group>";
		};
		84C757C3152A38770070DD9C /* Supporting Files */ = {
			isa = PBXGroup;
			children = (
				85C69DB11602B33C008AD9A0 /* Default-568h@2x.png */,
				85C69DB21602B33C008AD9A0 /* Default.png */,
				85C69DB31602B33C008AD9A0 /* Default@2x.png */,
				84E7AF41158FAB2F006009C7 /* Icon-72.png */,
				84E7AF42158FAB2F006009C7 /* Icon-72@2x.png */,
				84E7AF43158FAB2F006009C7 /* Icon.png */,
				84E7AF44158FAB2F006009C7 /* Icon@2x.png */,
				84C757C4152A38770070DD9C /* SessionLoginSample-Info.plist */,
				84C757C5152A38770070DD9C /* InfoPlist.strings */,
				84C757C8152A38770070DD9C /* main.m */,
				84C757CA152A38770070DD9C /* SessionLoginSample-Prefix.pch */,
			);
			name = "Supporting Files";
			sourceTree = "<group>";
		};
/* End PBXGroup section */

/* Begin PBXNativeTarget section */
		84C757B7152A38770070DD9C /* SessionLoginSample */ = {
			isa = PBXNativeTarget;
			buildConfigurationList = 84C757D9152A38780070DD9C /* Build configuration list for PBXNativeTarget "SessionLoginSample" */;
			buildPhases = (
				84C757B4152A38770070DD9C /* Sources */,
				84C757B5152A38770070DD9C /* Frameworks */,
				84C757B6152A38770070DD9C /* Resources */,
			);
			buildRules = (
			);
			dependencies = (
			);
			name = SessionLoginSample;
			productName = SessionLoginSample;
			productReference = 84C757B8152A38770070DD9C /* SessionLoginSample.app */;
			productType = "com.apple.product-type.application";
		};
/* End PBXNativeTarget section */

/* Begin PBXProject section */
		84C757AF152A38770070DD9C /* Project object */ = {
			isa = PBXProject;
			attributes = {
				LastUpgradeCheck = 0460;
			};
			buildConfigurationList = 84C757B2152A38770070DD9C /* Build configuration list for PBXProject "SessionLoginSample" */;
			compatibilityVersion = "Xcode 3.2";
			developmentRegion = English;
			hasScannedForEncodings = 0;
			knownRegions = (
				en,
				he,
			);
			mainGroup = 84C757AD152A38770070DD9C;
			productRefGroup = 84C757B9152A38770070DD9C /* Products */;
			projectDirPath = "";
			projectRoot = "";
			targets = (
				84C757B7152A38770070DD9C /* SessionLoginSample */,
			);
		};
/* End PBXProject section */

/* Begin PBXResourcesBuildPhase section */
		84C757B6152A38770070DD9C /* Resources */ = {
			isa = PBXResourcesBuildPhase;
			buildActionMask = 2147483647;
			files = (
				84C757C7152A38770070DD9C /* InfoPlist.strings in Resources */,
				84C757D3152A38780070DD9C /* SLViewController_iPhone.xib in Resources */,
				84C757D6152A38780070DD9C /* SLViewController_iPad.xib in Resources */,
				84E7AF45158FAB2F006009C7 /* Icon-72.png in Resources */,
				84E7AF46158FAB2F006009C7 /* Icon-72@2x.png in Resources */,
				84E7AF47158FAB2F006009C7 /* Icon.png in Resources */,
				84E7AF48158FAB2F006009C7 /* Icon@2x.png in Resources */,
				85C69DB41602B33C008AD9A0 /* Default-568h@2x.png in Resources */,
				85C69DB51602B33C008AD9A0 /* Default.png in Resources */,
				85C69DB61602B33C008AD9A0 /* Default@2x.png in Resources */,
			);
			runOnlyForDeploymentPostprocessing = 0;
		};
/* End PBXResourcesBuildPhase section */

/* Begin PBXSourcesBuildPhase section */
		84C757B4152A38770070DD9C /* Sources */ = {
			isa = PBXSourcesBuildPhase;
			buildActionMask = 2147483647;
			files = (
				84C757C9152A38770070DD9C /* main.m in Sources */,
				84C757CD152A38770070DD9C /* SLAppDelegate.m in Sources */,
				84C757D0152A38770070DD9C /* SLViewController.m in Sources */,
			);
			runOnlyForDeploymentPostprocessing = 0;
		};
/* End PBXSourcesBuildPhase section */

/* Begin PBXVariantGroup section */
		84C757C5152A38770070DD9C /* InfoPlist.strings */ = {
			isa = PBXVariantGroup;
			children = (
				84C757C6152A38770070DD9C /* en */,
			);
			name = InfoPlist.strings;
			sourceTree = "<group>";
		};
		84C757D1152A38780070DD9C /* SLViewController_iPhone.xib */ = {
			isa = PBXVariantGroup;
			children = (
				84C757D2152A38780070DD9C /* en */,
			);
			name = SLViewController_iPhone.xib;
			sourceTree = "<group>";
		};
		84C757D4152A38780070DD9C /* SLViewController_iPad.xib */ = {
			isa = PBXVariantGroup;
			children = (
				84C757D5152A38780070DD9C /* en */,
			);
			name = SLViewController_iPad.xib;
			sourceTree = "<group>";
		};
/* End PBXVariantGroup section */

/* Begin XCBuildConfiguration section */
		84C757D7152A38780070DD9C /* Debug */ = {
			isa = XCBuildConfiguration;
			buildSettings = {
				ALWAYS_SEARCH_USER_PATHS = NO;
				ARCHS = "$(ARCHS_STANDARD_32_BIT)";
				CLANG_ENABLE_OBJC_ARC = YES;
				CLANG_WARN_CONSTANT_CONVERSION = YES;
				CLANG_WARN_ENUM_CONVERSION = YES;
				CLANG_WARN_INT_CONVERSION = YES;
				CLANG_WARN__DUPLICATE_METHOD_MATCH = YES;
				"CODE_SIGN_IDENTITY[sdk=iphoneos*]" = "iPhone Developer";
				COPY_PHASE_STRIP = NO;
				GCC_C_LANGUAGE_STANDARD = gnu99;
				GCC_DYNAMIC_NO_PIC = NO;
				GCC_OPTIMIZATION_LEVEL = 0;
				GCC_PREPROCESSOR_DEFINITIONS = (
					"DEBUG=1",
					"$(inherited)",
				);
				GCC_SYMBOLS_PRIVATE_EXTERN = NO;
				GCC_VERSION = com.apple.compilers.llvm.clang.1_0;
				GCC_WARN_ABOUT_MISSING_PROTOTYPES = YES;
				GCC_WARN_ABOUT_RETURN_TYPE = YES;
				GCC_WARN_UNINITIALIZED_AUTOS = YES;
				GCC_WARN_UNUSED_VARIABLE = YES;
				IPHONEOS_DEPLOYMENT_TARGET = 5.1;
				SDKROOT = iphoneos;
				TARGETED_DEVICE_FAMILY = "1,2";
			};
			name = Debug;
		};
		84C757D8152A38780070DD9C /* Release */ = {
			isa = XCBuildConfiguration;
			buildSettings = {
				ALWAYS_SEARCH_USER_PATHS = NO;
				ARCHS = "$(ARCHS_STANDARD_32_BIT)";
				CLANG_ENABLE_OBJC_ARC = YES;
				CLANG_WARN_CONSTANT_CONVERSION = YES;
				CLANG_WARN_ENUM_CONVERSION = YES;
				CLANG_WARN_INT_CONVERSION = YES;
				CLANG_WARN__DUPLICATE_METHOD_MATCH = YES;
				"CODE_SIGN_IDENTITY[sdk=iphoneos*]" = "iPhone Developer";
				COPY_PHASE_STRIP = YES;
				GCC_C_LANGUAGE_STANDARD = gnu99;
				GCC_VERSION = com.apple.compilers.llvm.clang.1_0;
				GCC_WARN_ABOUT_MISSING_PROTOTYPES = YES;
				GCC_WARN_ABOUT_RETURN_TYPE = YES;
				GCC_WARN_UNINITIALIZED_AUTOS = YES;
				GCC_WARN_UNUSED_VARIABLE = YES;
				IPHONEOS_DEPLOYMENT_TARGET = 5.1;
				OTHER_CFLAGS = "-DNS_BLOCK_ASSERTIONS=1";
				SDKROOT = iphoneos;
				TARGETED_DEVICE_FAMILY = "1,2";
				VALIDATE_PRODUCT = YES;
			};
			name = Release;
		};
		84C757DA152A38780070DD9C /* Debug */ = {
			isa = XCBuildConfiguration;
			buildSettings = {
				FRAMEWORK_SEARCH_PATHS = (
					"$(inherited)",
					"\"$(SRCROOT)/../../build\"",
				);
				GCC_PRECOMPILE_PREFIX_HEADER = YES;
				GCC_PREFIX_HEADER = "SessionLoginSample/SessionLoginSample-Prefix.pch";
				INFOPLIST_FILE = "SessionLoginSample/SessionLoginSample-Info.plist";
				IPHONEOS_DEPLOYMENT_TARGET = 5.0;
				OTHER_LDFLAGS = "-ObjC";
				PRODUCT_NAME = SessionLoginSample;
				WRAPPER_EXTENSION = app;
			};
			name = Debug;
		};
		84C757DB152A38780070DD9C /* Release */ = {
			isa = XCBuildConfiguration;
			buildSettings = {
				FRAMEWORK_SEARCH_PATHS = (
					"$(inherited)",
					"\"$(SRCROOT)/../../build\"",
				);
				GCC_PRECOMPILE_PREFIX_HEADER = YES;
				GCC_PREFIX_HEADER = "SessionLoginSample/SessionLoginSample-Prefix.pch";
				INFOPLIST_FILE = "SessionLoginSample/SessionLoginSample-Info.plist";
				IPHONEOS_DEPLOYMENT_TARGET = 5.0;
				OTHER_LDFLAGS = "-ObjC";
				PRODUCT_NAME = SessionLoginSample;
				WRAPPER_EXTENSION = app;
			};
			name = Release;
		};
/* End XCBuildConfiguration section */

/* Begin XCConfigurationList section */
		84C757B2152A38770070DD9C /* Build configuration list for PBXProject "SessionLoginSample" */ = {
			isa = XCConfigurationList;
			buildConfigurations = (
				84C757D7152A38780070DD9C /* Debug */,
				84C757D8152A38780070DD9C /* Release */,
			);
			defaultConfigurationIsVisible = 0;
			defaultConfigurationName = Release;
		};
		84C757D9152A38780070DD9C /* Build configuration list for PBXNativeTarget "SessionLoginSample" */ = {
			isa = XCConfigurationList;
			buildConfigurations = (
				84C757DA152A38780070DD9C /* Debug */,
				84C757DB152A38780070DD9C /* Release */,
			);
			defaultConfigurationIsVisible = 0;
			defaultConfigurationName = Release;
		};
/* End XCConfigurationList section */
	};
	rootObject = 84C757AF152A38770070DD9C /* Project object */;
}
